
Microsoft Visual Studio Solution File, Format Version 12.00
Project("{FAE04EC0-301F-11D3-BF4B-00C04F79EFBC}") = "Kata-Master-Mind", "Kata-Master-Mind\Kata-Master-Mind.csproj", "{536546DF-3DA8-4F3C-9599-ED4C59D60EAF}"
EndProject
Global
	GlobalSection(SolutionConfigurationPlatforms) = preSolution
		Debug|Any CPU = Debug|Any CPU
		Release|Any CPU = Release|Any CPU
	EndGlobalSection
	GlobalSection(ProjectConfigurationPlatforms) = postSolution
		{536546DF-3DA8-4F3C-9599-ED4C59D60EAF}.Debug|Any CPU.ActiveCfg = Debug|Any CPU
		{536546DF-3DA8-4F3C-9599-ED4C59D60EAF}.Debug|Any CPU.Build.0 = Debug|Any CPU
		{536546DF-3DA8-4F3C-9599-ED4C59D60EAF}.Release|Any CPU.ActiveCfg = Release|Any CPU
		{536546DF-3DA8-4F3C-9599-ED4C59D60EAF}.Release|Any CPU.Build.0 = Release|Any CPU
	EndGlobalSection
EndGlobal
